
Microsoft Visual Studio Solution File, Format Version 12.00
# Visual Studio Version 17
VisualStudioVersion = 17.0.31919.166
MinimumVisualStudioVersion = 10.0.40219.1
Project("{FAE04EC0-301F-11D3-BF4B-00C04F79EFBC}") = "WebApplication1", "WebApplication1\WebApplication1.csproj", "{0A4EAE0D-C472-46F3-9348-EE4B13CAF800}"
EndProject
Global
	GlobalSection(SolutionConfigurationPlatforms) = preSolution
		Debug|Any CPU = Debug|Any CPU
		Release|Any CPU = Release|Any CPU
	EndGlobalSection
	GlobalSection(ProjectConfigurationPlatforms) = postSolution
		{0A4EAE0D-C472-46F3-9348-EE4B13CAF800}.Debug|Any CPU.ActiveCfg = Debug|Any CPU
		{0A4EAE0D-C472-46F3-9348-EE4B13CAF800}.Debug|Any CPU.Build.0 = Debug|Any CPU
		{0A4EAE0D-C472-46F3-9348-EE4B13CAF800}.Release|Any CPU.ActiveCfg = Release|Any CPU
		{0A4EAE0D-C472-46F3-9348-EE4B13CAF800}.Release|Any CPU.Build.0 = Release|Any CPU
	EndGlobalSection
	GlobalSection(SolutionProperties) = preSolution
		HideSolutionNode = FALSE
	EndGlobalSection
	GlobalSection(ExtensibilityGlobals) = postSolution
		SolutionGuid = {7591A14D-B823-4334-9AA6-25BE8F39EDA4}
	EndGlobalSection
EndGlobal
